github.com/adityatelange/hugo-PaperMod v0.0.0-20220903105945-3a0a4811cbc0 h1:jOgM4X1Y/Uxg7ncBtucLpnneEg+6yUK+jAKS3HUQYZk=
github.com/adityatelange/hugo-PaperMod v0.0.0-20220903105945-3a0a4811cbc0/go.mod h1:HCHxNMKYdGafUYjVV3ICiAqznZK2yH0iI53jqcDFDdQ=
github.com/adityatelange/hugo-PaperMod v0.0.0-20241109160605-3e5362100777 h1:SWL2QAy3Y42ZToWKeVb9utQaaa8BpHxtCFUf0LDjma8=
github.com/adityatelange/hugo-PaperMod v0.0.0-20241109160605-3e5362100777/go.mod h1:HCHxNMKYdGafUYjVV3ICiAqznZK2yH0iI53jqcDFDdQ=
